{
  "originHash" : "441b28872337929f7fc66d49ebbb7734173665ae8ce72d5bc168f1d260f28e45",
  "pins" : [
    {
      "identity" : "navigationbackport",
      "kind" : "remoteSourceControl",
      "location" : "https://github.com/johnpatrickmorgan/NavigationBackport",
      "state" : {
        "revision" : "77f389dbc2c3fcce25c7c2b4cea0aa7a33a4a8ab",
        "version" : "0.9.5"
      }
    },
    {
      "identity" : "pangu",
      "kind" : "remoteSourceControl",
      "location" : "https://github.com/BBC6BAE9/Pangu",
      "state" : {
        "revision" : "f561ebb7fc4b34c53892dafa21927fccaa0336e3",
        "version" : "0.0.1"
      }
    }
  ],
  "version" : 3
}
